
Microsoft Visual Studio Solution File, Format Version 12.00
# Visual Studio 15
VisualStudioVersion = 15.0.28307.168
MinimumVisualStudioVersion = 10.0.40219.1
Project("{FAE04EC0-301F-11D3-BF4B-00C04F79EFBC}") = "MyStore.Core", "MyStore.Core\MyStore.Core.csproj", "{B340D812-3BC6-4881-AAD4-DD88DF82E998}"
EndProject
Global
	GlobalSection(SolutionConfigurationPlatforms) = preSolution
		Debug|Any CPU = Debug|Any CPU
		Release|Any CPU = Release|Any CPU
	EndGlobalSection
	GlobalSection(ProjectConfigurationPlatforms) = postSolution
		{B340D812-3BC6-4881-AAD4-DD88DF82E998}.Debug|Any CPU.ActiveCfg = Debug|Any CPU
		{B340D812-3BC6-4881-AAD4-DD88DF82E998}.Debug|Any CPU.Build.0 = Debug|Any CPU
		{B340D812-3BC6-4881-AAD4-DD88DF82E998}.Release|Any CPU.ActiveCfg = Release|Any CPU
		{B340D812-3BC6-4881-AAD4-DD88DF82E998}.Release|Any CPU.Build.0 = Release|Any CPU
	EndGlobalSection
	GlobalSection(SolutionProperties) = preSolution
		HideSolutionNode = FALSE
	EndGlobalSection
	GlobalSection(ExtensibilityGlobals) = postSolution
		SolutionGuid = {788B7EDF-8603-4843-92AA-064DD73F7D2B}
	EndGlobalSection
EndGlobal
